
Microsoft Visual Studio Solution File, Format Version 12.00
# Visual Studio Version 16
Project("{8BC9CEB8-8B4A-11D0-8D11-00A0C91BC942}") = "ALL_BUILD", "ALL_BUILD.vcxproj", "{2E2F53E1-E8EB-3D21-8A52-C99407C6F10E}"
	ProjectSection(ProjectDependencies) = postProject
		{129021E3-572B-3C17-B0E4-60FA007A5C33} = {129021E3-572B-3C17-B0E4-60FA007A5C33}
		{6894E3AC-B241-318E-83EC-4CDFFA76F89C} = {6894E3AC-B241-318E-83EC-4CDFFA76F89C}
		{B2AC3B95-A309-3B57-B2F0-5C5990A5EE2E} = {B2AC3B95-A309-3B57-B2F0-5C5990A5EE2E}
		{89D01186-5099-39C1-A012-7A9088068D5E} = {89D01186-5099-39C1-A012-7A9088068D5E}
		{234D6F43-E468-3E66-BAF8-0AC886A67F9D} = {234D6F43-E468-3E66-BAF8-0AC886A67F9D}
		{6985F8E1-6DB1-34AE-9277-E068D650841B} = {6985F8E1-6DB1-34AE-9277-E068D650841B}
		{75DC16DC-7494-3244-B0C1-FC281383D00A} = {75DC16DC-7494-3244-B0C1-FC281383D00A}
		{008DDE47-61F5-3CA3-89DE-2E9DD614649E} = {008DDE47-61F5-3CA3-89DE-2E9DD614649E}
		{305E3057-29F5-3EA8-AD41-9D367151AEAC} = {305E3057-29F5-3EA8-AD41-9D367151AEAC}
		{52A1B796-7CAA-387E-8F33-4C4C38C49B4E} = {52A1B796-7CAA-387E-8F33-4C4C38C49B4E}
	EndProjectSection
EndProject
Project("{8BC9CEB8-8B4A-11D0-8D11-00A0C91BC942}") = "Core", "Core\Core.vcxproj", "{129021E3-572B-3C17-B0E4-60FA007A5C33}"
	ProjectSection(ProjectDependencies) = postProject
		{008DDE47-61F5-3CA3-89DE-2E9DD614649E} = {008DDE47-61F5-3CA3-89DE-2E9DD614649E}
	EndProjectSection
EndProject
Project("{8BC9CEB8-8B4A-11D0-8D11-00A0C91BC942}") = "GraphicsEngine", "GraphicsEngine\GraphicsEngine.vcxproj", "{6894E3AC-B241-318E-83EC-4CDFFA76F89C}"
	ProjectSection(ProjectDependencies) = postProject
		{129021E3-572B-3C17-B0E4-60FA007A5C33} = {129021E3-572B-3C17-B0E4-60FA007A5C33}
		{89D01186-5099-39C1-A012-7A9088068D5E} = {89D01186-5099-39C1-A012-7A9088068D5E}
		{6985F8E1-6DB1-34AE-9277-E068D650841B} = {6985F8E1-6DB1-34AE-9277-E068D650841B}
		{008DDE47-61F5-3CA3-89DE-2E9DD614649E} = {008DDE47-61F5-3CA3-89DE-2E9DD614649E}
	EndProjectSection
EndProject
Project("{8BC9CEB8-8B4A-11D0-8D11-00A0C91BC942}") = "GraphicsEngine_test", "GraphicsEngine\test\GraphicsEngine_test.vcxproj", "{B2AC3B95-A309-3B57-B2F0-5C5990A5EE2E}"
	ProjectSection(ProjectDependencies) = postProject
		{129021E3-572B-3C17-B0E4-60FA007A5C33} = {129021E3-572B-3C17-B0E4-60FA007A5C33}
		{6894E3AC-B241-318E-83EC-4CDFFA76F89C} = {6894E3AC-B241-318E-83EC-4CDFFA76F89C}
		{89D01186-5099-39C1-A012-7A9088068D5E} = {89D01186-5099-39C1-A012-7A9088068D5E}
		{6985F8E1-6DB1-34AE-9277-E068D650841B} = {6985F8E1-6DB1-34AE-9277-E068D650841B}
		{008DDE47-61F5-3CA3-89DE-2E9DD614649E} = {008DDE47-61F5-3CA3-89DE-2E9DD614649E}
	EndProjectSection
EndProject
Project("{8BC9CEB8-8B4A-11D0-8D11-00A0C91BC942}") = "HIDEngine", "HIDEngine\HIDEngine.vcxproj", "{89D01186-5099-39C1-A012-7A9088068D5E}"
	ProjectSection(ProjectDependencies) = postProject
		{008DDE47-61F5-3CA3-89DE-2E9DD614649E} = {008DDE47-61F5-3CA3-89DE-2E9DD614649E}
	EndProjectSection
EndProject
Project("{8BC9CEB8-8B4A-11D0-8D11-00A0C91BC942}") = "PhysicalEngine_test", "PhysicsEngine\test\PhysicalEngine_test.vcxproj", "{234D6F43-E468-3E66-BAF8-0AC886A67F9D}"
	ProjectSection(ProjectDependencies) = postProject
		{129021E3-572B-3C17-B0E4-60FA007A5C33} = {129021E3-572B-3C17-B0E4-60FA007A5C33}
		{6985F8E1-6DB1-34AE-9277-E068D650841B} = {6985F8E1-6DB1-34AE-9277-E068D650841B}
		{008DDE47-61F5-3CA3-89DE-2E9DD614649E} = {008DDE47-61F5-3CA3-89DE-2E9DD614649E}
	EndProjectSection
EndProject
Project("{8BC9CEB8-8B4A-11D0-8D11-00A0C91BC942}") = "PhysicsEngine", "PhysicsEngine\PhysicsEngine.vcxproj", "{6985F8E1-6DB1-34AE-9277-E068D650841B}"
	ProjectSection(ProjectDependencies) = postProject
		{129021E3-572B-3C17-B0E4-60FA007A5C33} = {129021E3-572B-3C17-B0E4-60FA007A5C33}
		{008DDE47-61F5-3CA3-89DE-2E9DD614649E} = {008DDE47-61F5-3CA3-89DE-2E9DD614649E}
	EndProjectSection
EndProject
Project("{8BC9CEB8-8B4A-11D0-8D11-00A0C91BC942}") = "SDK", "SDK\SDK.vcxproj", "{75DC16DC-7494-3244-B0C1-FC281383D00A}"
	ProjectSection(ProjectDependencies) = postProject
		{129021E3-572B-3C17-B0E4-60FA007A5C33} = {129021E3-572B-3C17-B0E4-60FA007A5C33}
		{6894E3AC-B241-318E-83EC-4CDFFA76F89C} = {6894E3AC-B241-318E-83EC-4CDFFA76F89C}
		{89D01186-5099-39C1-A012-7A9088068D5E} = {89D01186-5099-39C1-A012-7A9088068D5E}
		{6985F8E1-6DB1-34AE-9277-E068D650841B} = {6985F8E1-6DB1-34AE-9277-E068D650841B}
		{008DDE47-61F5-3CA3-89DE-2E9DD614649E} = {008DDE47-61F5-3CA3-89DE-2E9DD614649E}
	EndProjectSection
EndProject
Project("{8BC9CEB8-8B4A-11D0-8D11-00A0C91BC942}") = "ZERO_CHECK", "ZERO_CHECK.vcxproj", "{008DDE47-61F5-3CA3-89DE-2E9DD614649E}"
	ProjectSection(ProjectDependencies) = postProject
	EndProjectSection
EndProject
Project("{8BC9CEB8-8B4A-11D0-8D11-00A0C91BC942}") = "audioEngine", "AudioEngine\audioEngine.vcxproj", "{305E3057-29F5-3EA8-AD41-9D367151AEAC}"
	ProjectSection(ProjectDependencies) = postProject
		{008DDE47-61F5-3CA3-89DE-2E9DD614649E} = {008DDE47-61F5-3CA3-89DE-2E9DD614649E}
	EndProjectSection
EndProject
Project("{8BC9CEB8-8B4A-11D0-8D11-00A0C91BC942}") = "gameEngine", "gameEngine.vcxproj", "{52A1B796-7CAA-387E-8F33-4C4C38C49B4E}"
	ProjectSection(ProjectDependencies) = postProject
		{129021E3-572B-3C17-B0E4-60FA007A5C33} = {129021E3-572B-3C17-B0E4-60FA007A5C33}
		{6894E3AC-B241-318E-83EC-4CDFFA76F89C} = {6894E3AC-B241-318E-83EC-4CDFFA76F89C}
		{89D01186-5099-39C1-A012-7A9088068D5E} = {89D01186-5099-39C1-A012-7A9088068D5E}
		{6985F8E1-6DB1-34AE-9277-E068D650841B} = {6985F8E1-6DB1-34AE-9277-E068D650841B}
		{75DC16DC-7494-3244-B0C1-FC281383D00A} = {75DC16DC-7494-3244-B0C1-FC281383D00A}
		{008DDE47-61F5-3CA3-89DE-2E9DD614649E} = {008DDE47-61F5-3CA3-89DE-2E9DD614649E}
		{305E3057-29F5-3EA8-AD41-9D367151AEAC} = {305E3057-29F5-3EA8-AD41-9D367151AEAC}
	EndProjectSection
EndProject
Global
	GlobalSection(SolutionConfigurationPlatforms) = preSolution
		Debug|x64 = Debug|x64
		Release|x64 = Release|x64
		MinSizeRel|x64 = MinSizeRel|x64
		RelWithDebInfo|x64 = RelWithDebInfo|x64
	EndGlobalSection
	GlobalSection(ProjectConfigurationPlatforms) = postSolution
		{2E2F53E1-E8EB-3D21-8A52-C99407C6F10E}.Debug|x64.ActiveCfg = Debug|x64
		{2E2F53E1-E8EB-3D21-8A52-C99407C6F10E}.Release|x64.ActiveCfg = Release|x64
		{2E2F53E1-E8EB-3D21-8A52-C99407C6F10E}.MinSizeRel|x64.ActiveCfg = MinSizeRel|x64
		{2E2F53E1-E8EB-3D21-8A52-C99407C6F10E}.RelWithDebInfo|x64.ActiveCfg = RelWithDebInfo|x64
		{129021E3-572B-3C17-B0E4-60FA007A5C33}.Debug|x64.ActiveCfg = Debug|x64
		{129021E3-572B-3C17-B0E4-60FA007A5C33}.Debug|x64.Build.0 = Debug|x64
		{129021E3-572B-3C17-B0E4-60FA007A5C33}.Release|x64.ActiveCfg = Release|x64
		{129021E3-572B-3C17-B0E4-60FA007A5C33}.Release|x64.Build.0 = Release|x64
		{129021E3-572B-3C17-B0E4-60FA007A5C33}.MinSizeRel|x64.ActiveCfg = MinSizeRel|x64
		{129021E3-572B-3C17-B0E4-60FA007A5C33}.MinSizeRel|x64.Build.0 = MinSizeRel|x64
		{129021E3-572B-3C17-B0E4-60FA007A5C33}.RelWithDebInfo|x64.ActiveCfg = RelWithDebInfo|x64
		{129021E3-572B-3C17-B0E4-60FA007A5C33}.RelWithDebInfo|x64.Build.0 = RelWithDebInfo|x64
		{6894E3AC-B241-318E-83EC-4CDFFA76F89C}.Debug|x64.ActiveCfg = Debug|x64
		{6894E3AC-B241-318E-83EC-4CDFFA76F89C}.Debug|x64.Build.0 = Debug|x64
		{6894E3AC-B241-318E-83EC-4CDFFA76F89C}.Release|x64.ActiveCfg = Release|x64
		{6894E3AC-B241-318E-83EC-4CDFFA76F89C}.Release|x64.Build.0 = Release|x64
		{6894E3AC-B241-318E-83EC-4CDFFA76F89C}.MinSizeRel|x64.ActiveCfg = MinSizeRel|x64
		{6894E3AC-B241-318E-83EC-4CDFFA76F89C}.MinSizeRel|x64.Build.0 = MinSizeRel|x64
		{6894E3AC-B241-318E-83EC-4CDFFA76F89C}.RelWithDebInfo|x64.ActiveCfg = RelWithDebInfo|x64
		{6894E3AC-B241-318E-83EC-4CDFFA76F89C}.RelWithDebInfo|x64.Build.0 = RelWithDebInfo|x64
		{B2AC3B95-A309-3B57-B2F0-5C5990A5EE2E}.Debug|x64.ActiveCfg = Debug|x64
		{B2AC3B95-A309-3B57-B2F0-5C5990A5EE2E}.Debug|x64.Build.0 = Debug|x64
		{B2AC3B95-A309-3B57-B2F0-5C5990A5EE2E}.Release|x64.ActiveCfg = Release|x64
		{B2AC3B95-A309-3B57-B2F0-5C5990A5EE2E}.Release|x64.Build.0 = Release|x64
		{B2AC3B95-A309-3B57-B2F0-5C5990A5EE2E}.MinSizeRel|x64.ActiveCfg = MinSizeRel|x64
		{B2AC3B95-A309-3B57-B2F0-5C5990A5EE2E}.MinSizeRel|x64.Build.0 = MinSizeRel|x64
		{B2AC3B95-A309-3B57-B2F0-5C5990A5EE2E}.RelWithDebInfo|x64.ActiveCfg = RelWithDebInfo|x64
		{B2AC3B95-A309-3B57-B2F0-5C5990A5EE2E}.RelWithDebInfo|x64.Build.0 = RelWithDebInfo|x64
		{89D01186-5099-39C1-A012-7A9088068D5E}.Debug|x64.ActiveCfg = Debug|x64
		{89D01186-5099-39C1-A012-7A9088068D5E}.Debug|x64.Build.0 = Debug|x64
		{89D01186-5099-39C1-A012-7A9088068D5E}.Release|x64.ActiveCfg = Release|x64
		{89D01186-5099-39C1-A012-7A9088068D5E}.Release|x64.Build.0 = Release|x64
		{89D01186-5099-39C1-A012-7A9088068D5E}.MinSizeRel|x64.ActiveCfg = MinSizeRel|x64
		{89D01186-5099-39C1-A012-7A9088068D5E}.MinSizeRel|x64.Build.0 = MinSizeRel|x64
		{89D01186-5099-39C1-A012-7A9088068D5E}.RelWithDebInfo|x64.ActiveCfg = RelWithDebInfo|x64
		{89D01186-5099-39C1-A012-7A9088068D5E}.RelWithDebInfo|x64.Build.0 = RelWithDebInfo|x64
		{234D6F43-E468-3E66-BAF8-0AC886A67F9D}.Debug|x64.ActiveCfg = Debug|x64
		{234D6F43-E468-3E66-BAF8-0AC886A67F9D}.Debug|x64.Build.0 = Debug|x64
		{234D6F43-E468-3E66-BAF8-0AC886A67F9D}.Release|x64.ActiveCfg = Release|x64
		{234D6F43-E468-3E66-BAF8-0AC886A67F9D}.Release|x64.Build.0 = Release|x64
		{234D6F43-E468-3E66-BAF8-0AC886A67F9D}.MinSizeRel|x64.ActiveCfg = MinSizeRel|x64
		{234D6F43-E468-3E66-BAF8-0AC886A67F9D}.MinSizeRel|x64.Build.0 = MinSizeRel|x64
		{234D6F43-E468-3E66-BAF8-0AC886A67F9D}.RelWithDebInfo|x64.ActiveCfg = RelWithDebInfo|x64
		{234D6F43-E468-3E66-BAF8-0AC886A67F9D}.RelWithDebInfo|x64.Build.0 = RelWithDebInfo|x64
		{6985F8E1-6DB1-34AE-9277-E068D650841B}.Debug|x64.ActiveCfg = Debug|x64
		{6985F8E1-6DB1-34AE-9277-E068D650841B}.Debug|x64.Build.0 = Debug|x64
		{6985F8E1-6DB1-34AE-9277-E068D650841B}.Release|x64.ActiveCfg = Release|x64
		{6985F8E1-6DB1-34AE-9277-E068D650841B}.Release|x64.Build.0 = Release|x64
		{6985F8E1-6DB1-34AE-9277-E068D650841B}.MinSizeRel|x64.ActiveCfg = MinSizeRel|x64
		{6985F8E1-6DB1-34AE-9277-E068D650841B}.MinSizeRel|x64.Build.0 = MinSizeRel|x64
		{6985F8E1-6DB1-34AE-9277-E068D650841B}.RelWithDebInfo|x64.ActiveCfg = RelWithDebInfo|x64
		{6985F8E1-6DB1-34AE-9277-E068D650841B}.RelWithDebInfo|x64.Build.0 = RelWithDebInfo|x64
		{75DC16DC-7494-3244-B0C1-FC281383D00A}.Debug|x64.ActiveCfg = Debug|x64
		{75DC16DC-7494-3244-B0C1-FC281383D00A}.Debug|x64.Build.0 = Debug|x64
		{75DC16DC-7494-3244-B0C1-FC281383D00A}.Release|x64.ActiveCfg = Release|x64
		{75DC16DC-7494-3244-B0C1-FC281383D00A}.Release|x64.Build.0 = Release|x64
		{75DC16DC-7494-3244-B0C1-FC281383D00A}.MinSizeRel|x64.ActiveCfg = MinSizeRel|x64
		{75DC16DC-7494-3244-B0C1-FC281383D00A}.MinSizeRel|x64.Build.0 = MinSizeRel|x64
		{75DC16DC-7494-3244-B0C1-FC281383D00A}.RelWithDebInfo|x64.ActiveCfg = RelWithDebInfo|x64
		{75DC16DC-7494-3244-B0C1-FC281383D00A}.RelWithDebInfo|x64.Build.0 = RelWithDebInfo|x64
		{008DDE47-61F5-3CA3-89DE-2E9DD614649E}.Debug|x64.ActiveCfg = Debug|x64
		{008DDE47-61F5-3CA3-89DE-2E9DD614649E}.Debug|x64.Build.0 = Debug|x64
		{008DDE47-61F5-3CA3-89DE-2E9DD614649E}.Release|x64.ActiveCfg = Release|x64
		{008DDE47-61F5-3CA3-89DE-2E9DD614649E}.Release|x64.Build.0 = Release|x64
		{008DDE47-61F5-3CA3-89DE-2E9DD614649E}.MinSizeRel|x64.ActiveCfg = MinSizeRel|x64
		{008DDE47-61F5-3CA3-89DE-2E9DD614649E}.MinSizeRel|x64.Build.0 = MinSizeRel|x64
		{008DDE47-61F5-3CA3-89DE-2E9DD614649E}.RelWithDebInfo|x64.ActiveCfg = RelWithDebInfo|x64
		{008DDE47-61F5-3CA3-89DE-2E9DD614649E}.RelWithDebInfo|x64.Build.0 = RelWithDebInfo|x64
		{305E3057-29F5-3EA8-AD41-9D367151AEAC}.Debug|x64.ActiveCfg = Debug|x64
		{305E3057-29F5-3EA8-AD41-9D367151AEAC}.Debug|x64.Build.0 = Debug|x64
		{305E3057-29F5-3EA8-AD41-9D367151AEAC}.Release|x64.ActiveCfg = Release|x64
		{305E3057-29F5-3EA8-AD41-9D367151AEAC}.Release|x64.Build.0 = Release|x64
		{305E3057-29F5-3EA8-AD41-9D367151AEAC}.MinSizeRel|x64.ActiveCfg = MinSizeRel|x64
		{305E3057-29F5-3EA8-AD41-9D367151AEAC}.MinSizeRel|x64.Build.0 = MinSizeRel|x64
		{305E3057-29F5-3EA8-AD41-9D367151AEAC}.RelWithDebInfo|x64.ActiveCfg = RelWithDebInfo|x64
		{305E3057-29F5-3EA8-AD41-9D367151AEAC}.RelWithDebInfo|x64.Build.0 = RelWithDebInfo|x64
		{52A1B796-7CAA-387E-8F33-4C4C38C49B4E}.Debug|x64.ActiveCfg = Debug|x64
		{52A1B796-7CAA-387E-8F33-4C4C38C49B4E}.Debug|x64.Build.0 = Debug|x64
		{52A1B796-7CAA-387E-8F33-4C4C38C49B4E}.Release|x64.ActiveCfg = Release|x64
		{52A1B796-7CAA-387E-8F33-4C4C38C49B4E}.Release|x64.Build.0 = Release|x64
		{52A1B796-7CAA-387E-8F33-4C4C38C49B4E}.MinSizeRel|x64.ActiveCfg = MinSizeRel|x64
		{52A1B796-7CAA-387E-8F33-4C4C38C49B4E}.MinSizeRel|x64.Build.0 = MinSizeRel|x64
		{52A1B796-7CAA-387E-8F33-4C4C38C49B4E}.RelWithDebInfo|x64.ActiveCfg = RelWithDebInfo|x64
		{52A1B796-7CAA-387E-8F33-4C4C38C49B4E}.RelWithDebInfo|x64.Build.0 = RelWithDebInfo|x64
	EndGlobalSection
	GlobalSection(ExtensibilityGlobals) = postSolution
		SolutionGuid = {09B1A753-AF65-3548-B260-89246A988909}
	EndGlobalSection
	GlobalSection(ExtensibilityAddIns) = postSolution
	EndGlobalSection
EndGlobal
